// !$*UTF8*$!
{
	archiveVersion = 1;
	classes = {
	};
	objectVersion = 55;
	objects = {

/* Begin PBXBuildFile section */
		E64AEB8D27A42876000C1884 /* AppDelegate.swift in Sources */ = {isa = PBXBuildFile; fileRef = E64AEB8C27A42876000C1884 /* AppDelegate.swift */; };
		E64AEB8F27A42876000C1884 /* SceneDelegate.swift in Sources */ = {isa = PBXBuildFile; fileRef = E64AEB8E27A42876000C1884 /* SceneDelegate.swift */; };
		E64AEB9627A42877000C1884 /* Assets.xcassets in Resources */ = {isa = PBXBuildFile; fileRef = E64AEB9527A42877000C1884 /* Assets.xcassets */; };
		E64AEB9927A42877000C1884 /* LaunchScreen.storyboard in Resources */ = {isa = PBXBuildFile; fileRef = E64AEB9727A42877000C1884 /* LaunchScreen.storyboard */; };
		E64AEBA427A42878000C1884 /* DigibankLightTests.swift in Sources */ = {isa = PBXBuildFile; fileRef = E64AEBA327A42878000C1884 /* DigibankLightTests.swift */; };
		E64AEBAE27A42878000C1884 /* DigibankLightUITests.swift in Sources */ = {isa = PBXBuildFile; fileRef = E64AEBAD27A42878000C1884 /* DigibankLightUITests.swift */; };
		E64AEBB027A42878000C1884 /* DigibankLightUITestsLaunchTests.swift in Sources */ = {isa = PBXBuildFile; fileRef = E64AEBAF27A42878000C1884 /* DigibankLightUITestsLaunchTests.swift */; };
		E68B7C8327A42C0600CC8E43 /* LoginViewController.swift in Sources */ = {isa = PBXBuildFile; fileRef = E68B7C8227A42C0600CC8E43 /* LoginViewController.swift */; };
		E68B7C8627A42C3200CC8E43 /* ModuleComposer.swift in Sources */ = {isa = PBXBuildFile; fileRef = E68B7C8527A42C3200CC8E43 /* ModuleComposer.swift */; };
		E68B7C8927A42D1300CC8E43 /* LFTextField.swift in Sources */ = {isa = PBXBuildFile; fileRef = E68B7C8827A42D1300CC8E43 /* LFTextField.swift */; };
		E68B7C8C27A4D86700CC8E43 /* UIButton+Styling.swift in Sources */ = {isa = PBXBuildFile; fileRef = E68B7C8B27A4D86700CC8E43 /* UIButton+Styling.swift */; };
		E68B7C8F27A4DD6D00CC8E43 /* RegistrationViewController.swift in Sources */ = {isa = PBXBuildFile; fileRef = E68B7C8E27A4DD6C00CC8E43 /* RegistrationViewController.swift */; };
/* End PBXBuildFile section */

/* Begin PBXContainerItemProxy section */
		E64AEBA027A42878000C1884 /* PBXContainerItemProxy */ = {
			isa = PBXContainerItemProxy;
			containerPortal = E64AEB8127A42876000C1884 /* Project object */;
			proxyType = 1;
			remoteGlobalIDString = E64AEB8827A42876000C1884;
			remoteInfo = DigibankLight;
		};
		E64AEBAA27A42878000C1884 /* PBXContainerItemProxy */ = {
			isa = PBXContainerItemProxy;
			containerPortal = E64AEB8127A42876000C1884 /* Project object */;
			proxyType = 1;
			remoteGlobalIDString = E64AEB8827A42876000C1884;
			remoteInfo = DigibankLight;
		};
/* End PBXContainerItemProxy section */

/* Begin PBXFileReference section */
		E64AEB8927A42876000C1884 /* DigibankLight.app */ = {isa = PBXFileReference; explicitFileType = wrapper.application; includeInIndex = 0; path = DigibankLight.app; sourceTree = BUILT_PRODUCTS_DIR; };
		E64AEB8C27A42876000C1884 /* AppDelegate.swift */ = {isa = PBXFileReference; lastKnownFileType = sourcecode.swift; path = AppDelegate.swift; sourceTree = "<group>"; };
		E64AEB8E27A42876000C1884 /* SceneDelegate.swift */ = {isa = PBXFileReference; lastKnownFileType = sourcecode.swift; path = SceneDelegate.swift; sourceTree = "<group>"; };
		E64AEB9527A42877000C1884 /* Assets.xcassets */ = {isa = PBXFileReference; lastKnownFileType = folder.assetcatalog; path = Assets.xcassets; sourceTree = "<group>"; };
		E64AEB9827A42877000C1884 /* Base */ = {isa = PBXFileReference; lastKnownFileType = file.storyboard; name = Base; path = Base.lproj/LaunchScreen.storyboard; sourceTree = "<group>"; };
		E64AEB9A27A42877000C1884 /* Info.plist */ = {isa = PBXFileReference; lastKnownFileType = text.plist.xml; path = Info.plist; sourceTree = "<group>"; };
		E64AEB9F27A42878000C1884 /* DigibankLightTests.xctest */ = {isa = PBXFileReference; explicitFileType = wrapper.cfbundle; includeInIndex = 0; path = DigibankLightTests.xctest; sourceTree = BUILT_PRODUCTS_DIR; };
		E64AEBA327A42878000C1884 /* DigibankLightTests.swift */ = {isa = PBXFileReference; lastKnownFileType = sourcecode.swift; path = DigibankLightTests.swift; sourceTree = "<group>"; };
		E64AEBA927A42878000C1884 /* DigibankLightUITests.xctest */ = {isa = PBXFileReference; explicitFileType = wrapper.cfbundle; includeInIndex = 0; path = DigibankLightUITests.xctest; sourceTree = BUILT_PRODUCTS_DIR; };
		E64AEBAD27A42878000C1884 /* DigibankLightUITests.swift */ = {isa = PBXFileReference; lastKnownFileType = sourcecode.swift; path = DigibankLightUITests.swift; sourceTree = "<group>"; };
		E64AEBAF27A42878000C1884 /* DigibankLightUITestsLaunchTests.swift */ = {isa = PBXFileReference; lastKnownFileType = sourcecode.swift; path = DigibankLightUITestsLaunchTests.swift; sourceTree = "<group>"; };
		E68B7C8227A42C0600CC8E43 /* LoginViewController.swift */ = {isa = PBXFileReference; lastKnownFileType = sourcecode.swift; path = LoginViewController.swift; sourceTree = "<group>"; };
		E68B7C8527A42C3200CC8E43 /* ModuleComposer.swift */ = {isa = PBXFileReference; lastKnownFileType = sourcecode.swift; path = ModuleComposer.swift; sourceTree = "<group>"; };
		E68B7C8827A42D1300CC8E43 /* LFTextField.swift */ = {isa = PBXFileReference; lastKnownFileType = sourcecode.swift; path = LFTextField.swift; sourceTree = "<group>"; };
		E68B7C8B27A4D86700CC8E43 /* UIButton+Styling.swift */ = {isa = PBXFileReference; lastKnownFileType = sourcecode.swift; path = "UIButton+Styling.swift"; sourceTree = "<group>"; };
		E68B7C8E27A4DD6C00CC8E43 /* RegistrationViewController.swift */ = {isa = PBXFileReference; lastKnownFileType = sourcecode.swift; path = RegistrationViewController.swift; sourceTree = "<group>"; };
/* End PBXFileReference section */

/* Begin PBXFrameworksBuildPhase section */
		E64AEB8627A42876000C1884 /* Frameworks */ = {
			isa = PBXFrameworksBuildPhase;
			buildActionMask = 2147483647;
			files = (
			);
			runOnlyForDeploymentPostprocessing = 0;
		};
		E64AEB9C27A42877000C1884 /* Frameworks */ = {
			isa = PBXFrameworksBuildPhase;
			buildActionMask = 2147483647;
			files = (
			);
			runOnlyForDeploymentPostprocessing = 0;
		};
		E64AEBA627A42878000C1884 /* Frameworks */ = {
			isa = PBXFrameworksBuildPhase;
			buildActionMask = 2147483647;
			files = (
			);
			runOnlyForDeploymentPostprocessing = 0;
		};
/* End PBXFrameworksBuildPhase section */

/* Begin PBXGroup section */
		E64AEB8027A42876000C1884 = {
			isa = PBXGroup;
			children = (
				E64AEB8B27A42876000C1884 /* DigibankLight */,
				E64AEBA227A42878000C1884 /* DigibankLightTests */,
				E64AEBAC27A42878000C1884 /* DigibankLightUITests */,
				E64AEB8A27A42876000C1884 /* Products */,
			);
			sourceTree = "<group>";
		};
		E64AEB8A27A42876000C1884 /* Products */ = {
			isa = PBXGroup;
			children = (
				E64AEB8927A42876000C1884 /* DigibankLight.app */,
				E64AEB9F27A42878000C1884 /* DigibankLightTests.xctest */,
				E64AEBA927A42878000C1884 /* DigibankLightUITests.xctest */,
			);
			name = Products;
			sourceTree = "<group>";
		};
		E64AEB8B27A42876000C1884 /* DigibankLight */ = {
			isa = PBXGroup;
			children = (
				E68B7C8727A42CEF00CC8E43 /* CustomViews */,
				E68B7C8427A42C1A00CC8E43 /* UIComposer */,
				E68B7C7B27A42BC000CC8E43 /* Modules */,
				E68B7C8A27A4D85500CC8E43 /* Extensions */,
				E64AEB8C27A42876000C1884 /* AppDelegate.swift */,
				E64AEB8E27A42876000C1884 /* SceneDelegate.swift */,
				E64AEB9527A42877000C1884 /* Assets.xcassets */,
				E64AEB9727A42877000C1884 /* LaunchScreen.storyboard */,
				E64AEB9A27A42877000C1884 /* Info.plist */,
			);
			path = DigibankLight;
			sourceTree = "<group>";
		};
		E64AEBA227A42878000C1884 /* DigibankLightTests */ = {
			isa = PBXGroup;
			children = (
				E64AEBA327A42878000C1884 /* DigibankLightTests.swift */,
			);
			path = DigibankLightTests;
			sourceTree = "<group>";
		};
		E64AEBAC27A42878000C1884 /* DigibankLightUITests */ = {
			isa = PBXGroup;
			children = (
				E64AEBAD27A42878000C1884 /* DigibankLightUITests.swift */,
				E64AEBAF27A42878000C1884 /* DigibankLightUITestsLaunchTests.swift */,
			);
			path = DigibankLightUITests;
			sourceTree = "<group>";
		};
		E68B7C7B27A42BC000CC8E43 /* Modules */ = {
			isa = PBXGroup;
			children = (
				E68B7C7C27A42BCE00CC8E43 /* Account */,
			);
			path = Modules;
			sourceTree = "<group>";
		};
		E68B7C7C27A42BCE00CC8E43 /* Account */ = {
			isa = PBXGroup;
			children = (
				E68B7C8D27A4DD5500CC8E43 /* Registration */,
				E68B7C7D27A42BD400CC8E43 /* Login */,
			);
			path = Account;
			sourceTree = "<group>";
		};
		E68B7C7D27A42BD400CC8E43 /* Login */ = {
			isa = PBXGroup;
			children = (
				E68B7C8227A42C0600CC8E43 /* LoginViewController.swift */,
			);
			path = Login;
			sourceTree = "<group>";
		};
		E68B7C8427A42C1A00CC8E43 /* UIComposer */ = {
			isa = PBXGroup;
			children = (
				E68B7C8527A42C3200CC8E43 /* ModuleComposer.swift */,
			);
			path = UIComposer;
			sourceTree = "<group>";
		};
		E68B7C8727A42CEF00CC8E43 /* CustomViews */ = {
			isa = PBXGroup;
			children = (
				E68B7C8827A42D1300CC8E43 /* LFTextField.swift */,
			);
			path = CustomViews;
			sourceTree = "<group>";
		};
		E68B7C8A27A4D85500CC8E43 /* Extensions */ = {
			isa = PBXGroup;
			children = (
				E68B7C8B27A4D86700CC8E43 /* UIButton+Styling.swift */,
			);
			path = Extensions;
			sourceTree = "<group>";
		};
		E68B7C8D27A4DD5500CC8E43 /* Registration */ = {
			isa = PBXGroup;
			children = (
				E68B7C8E27A4DD6C00CC8E43 /* RegistrationViewController.swift */,
			);
			path = Registration;
			sourceTree = "<group>";
		};
/* End PBXGroup section */

/* Begin PBXNativeTarget section */
		E64AEB8827A42876000C1884 /* DigibankLight */ = {
			isa = PBXNativeTarget;
			buildConfigurationList = E64AEBB327A42878000C1884 /* Build configuration list for PBXNativeTarget "DigibankLight" */;
			buildPhases = (
				E64AEB8527A42876000C1884 /* Sources */,
				E64AEB8627A42876000C1884 /* Frameworks */,
				E64AEB8727A42876000C1884 /* Resources */,
			);
			buildRules = (
			);
			dependencies = (
			);
			name = DigibankLight;
			productName = DigibankLight;
			productReference = E64AEB8927A42876000C1884 /* DigibankLight.app */;
			productType = "com.apple.product-type.application";
		};
		E64AEB9E27A42877000C1884 /* DigibankLightTests */ = {
			isa = PBXNativeTarget;
			buildConfigurationList = E64AEBB627A42878000C1884 /* Build configuration list for PBXNativeTarget "DigibankLightTests" */;
			buildPhases = (
				E64AEB9B27A42877000C1884 /* Sources */,
				E64AEB9C27A42877000C1884 /* Frameworks */,
				E64AEB9D27A42877000C1884 /* Resources */,
			);
			buildRules = (
			);
			dependencies = (
				E64AEBA127A42878000C1884 /* PBXTargetDependency */,
			);
			name = DigibankLightTests;
			productName = DigibankLightTests;
			productReference = E64AEB9F27A42878000C1884 /* DigibankLightTests.xctest */;
			productType = "com.apple.product-type.bundle.unit-test";
		};
		E64AEBA827A42878000C1884 /* DigibankLightUITests */ = {
			isa = PBXNativeTarget;
			buildConfigurationList = E64AEBB927A42878000C1884 /* Build configuration list for PBXNativeTarget "DigibankLightUITests" */;
			buildPhases = (
				E64AEBA527A42878000C1884 /* Sources */,
				E64AEBA627A42878000C1884 /* Frameworks */,
				E64AEBA727A42878000C1884 /* Resources */,
			);
			buildRules = (
			);
			dependencies = (
				E64AEBAB27A42878000C1884 /* PBXTargetDependency */,
			);
			name = DigibankLightUITests;
			productName = DigibankLightUITests;
			productReference = E64AEBA927A42878000C1884 /* DigibankLightUITests.xctest */;
			productType = "com.apple.product-type.bundle.ui-testing";
		};
/* End PBXNativeTarget section */

/* Begin PBXProject section */
		E64AEB8127A42876000C1884 /* Project object */ = {
			isa = PBXProject;
			attributes = {
				BuildIndependentTargetsInParallel = 1;
				LastSwiftUpdateCheck = 1320;
				LastUpgradeCheck = 1320;
				TargetAttributes = {
					E64AEB8827A42876000C1884 = {
						CreatedOnToolsVersion = 13.2.1;
					};
					E64AEB9E27A42877000C1884 = {
						CreatedOnToolsVersion = 13.2.1;
						TestTargetID = E64AEB8827A42876000C1884;
					};
					E64AEBA827A42878000C1884 = {
						CreatedOnToolsVersion = 13.2.1;
						TestTargetID = E64AEB8827A42876000C1884;
					};
				};
			};
			buildConfigurationList = E64AEB8427A42876000C1884 /* Build configuration list for PBXProject "DigibankLight" */;
			compatibilityVersion = "Xcode 13.0";
			developmentRegion = en;
			hasScannedForEncodings = 0;
			knownRegions = (
				en,
				Base,
			);
			mainGroup = E64AEB8027A42876000C1884;
			productRefGroup = E64AEB8A27A42876000C1884 /* Products */;
			projectDirPath = "";
			projectRoot = "";
			targets = (
				E64AEB8827A42876000C1884 /* DigibankLight */,
				E64AEB9E27A42877000C1884 /* DigibankLightTests */,
				E64AEBA827A42878000C1884 /* DigibankLightUITests */,
			);
		};
/* End PBXProject section */

/* Begin PBXResourcesBuildPhase section */
		E64AEB8727A42876000C1884 /* Resources */ = {
			isa = PBXResourcesBuildPhase;
			buildActionMask = 2147483647;
			files = (
				E64AEB9927A42877000C1884 /* LaunchScreen.storyboard in Resources */,
				E64AEB9627A42877000C1884 /* Assets.xcassets in Resources */,
			);
			runOnlyForDeploymentPostprocessing = 0;
		};
		E64AEB9D27A42877000C1884 /* Resources */ = {
			isa = PBXResourcesBuildPhase;
			buildActionMask = 2147483647;
			files = (
			);
			runOnlyForDeploymentPostprocessing = 0;
		};
		E64AEBA727A42878000C1884 /* Resources */ = {
			isa = PBXResourcesBuildPhase;
			buildActionMask = 2147483647;
			files = (
			);
			runOnlyForDeploymentPostprocessing = 0;
		};
/* End PBXResourcesBuildPhase section */

/* Begin PBXSourcesBuildPhase section */
		E64AEB8527A42876000C1884 /* Sources */ = {
			isa = PBXSourcesBuildPhase;
			buildActionMask = 2147483647;
			files = (
				E68B7C8327A42C0600CC8E43 /* LoginViewController.swift in Sources */,
				E68B7C8627A42C3200CC8E43 /* ModuleComposer.swift in Sources */,
				E68B7C8C27A4D86700CC8E43 /* UIButton+Styling.swift in Sources */,
				E68B7C8927A42D1300CC8E43 /* LFTextField.swift in Sources */,
				E68B7C8F27A4DD6D00CC8E43 /* RegistrationViewController.swift in Sources */,
				E64AEB8D27A42876000C1884 /* AppDelegate.swift in Sources */,
				E64AEB8F27A42876000C1884 /* SceneDelegate.swift in Sources */,
			);
			runOnlyForDeploymentPostprocessing = 0;
		};
		E64AEB9B27A42877000C1884 /* Sources */ = {
			isa = PBXSourcesBuildPhase;
			buildActionMask = 2147483647;
			files = (
				E64AEBA427A42878000C1884 /* DigibankLightTests.swift in Sources */,
			);
			runOnlyForDeploymentPostprocessing = 0;
		};
		E64AEBA527A42878000C1884 /* Sources */ = {
			isa = PBXSourcesBuildPhase;
			buildActionMask = 2147483647;
			files = (
				E64AEBB027A42878000C1884 /* DigibankLightUITestsLaunchTests.swift in Sources */,
				E64AEBAE27A42878000C1884 /* DigibankLightUITests.swift in Sources */,
			);
			runOnlyForDeploymentPostprocessing = 0;
		};
/* End PBXSourcesBuildPhase section */

/* Begin PBXTargetDependency section */
		E64AEBA127A42878000C1884 /* PBXTargetDependency */ = {
			isa = PBXTargetDependency;
			target = E64AEB8827A42876000C1884 /* DigibankLight */;
			targetProxy = E64AEBA027A42878000C1884 /* PBXContainerItemProxy */;
		};
		E64AEBAB27A42878000C1884 /* PBXTargetDependency */ = {
			isa = PBXTargetDependency;
			target = E64AEB8827A42876000C1884 /* DigibankLight */;
			targetProxy = E64AEBAA27A42878000C1884 /* PBXContainerItemProxy */;
		};
/* End PBXTargetDependency section */

/* Begin PBXVariantGroup section */
		E64AEB9727A42877000C1884 /* LaunchScreen.storyboard */ = {
			isa = PBXVariantGroup;
			children = (
				E64AEB9827A42877000C1884 /* Base */,
			);
			name = LaunchScreen.storyboard;
			sourceTree = "<group>";
		};
/* End PBXVariantGroup section */

/* Begin XCBuildConfiguration section */
		E64AEBB127A42878000C1884 /* Debug */ = {
			isa = XCBuildConfiguration;
			buildSettings = {
				ALWAYS_SEARCH_USER_PATHS = NO;
				CLANG_ANALYZER_NONNULL = YES;
				CLANG_ANALYZER_NUMBER_OBJECT_CONVERSION = YES_AGGRESSIVE;
				CLANG_CXX_LANGUAGE_STANDARD = "gnu++17";
				CLANG_CXX_LIBRARY = "libc++";
				CLANG_ENABLE_MODULES = YES;
				CLANG_ENABLE_OBJC_ARC = YES;
				CLANG_ENABLE_OBJC_WEAK = YES;
				CLANG_WARN_BLOCK_CAPTURE_AUTORELEASING = YES;
				CLANG_WARN_BOOL_CONVERSION = YES;
				CLANG_WARN_COMMA = YES;
				CLANG_WARN_CONSTANT_CONVERSION = YES;
				CLANG_WARN_DEPRECATED_OBJC_IMPLEMENTATIONS = YES;
				CLANG_WARN_DIRECT_OBJC_ISA_USAGE = YES_ERROR;
				CLANG_WARN_DOCUMENTATION_COMMENTS = YES;
				CLANG_WARN_EMPTY_BODY = YES;
				CLANG_WARN_ENUM_CONVERSION = YES;
				CLANG_WARN_INFINITE_RECURSION = YES;
				CLANG_WARN_INT_CONVERSION = YES;
				CLANG_WARN_NON_LITERAL_NULL_CONVERSION = YES;
				CLANG_WARN_OBJC_IMPLICIT_RETAIN_SELF = YES;
				CLANG_WARN_OBJC_LITERAL_CONVERSION = YES;
				CLANG_WARN_OBJC_ROOT_CLASS = YES_ERROR;
				CLANG_WARN_QUOTED_INCLUDE_IN_FRAMEWORK_HEADER = YES;
				CLANG_WARN_RANGE_LOOP_ANALYSIS = YES;
				CLANG_WARN_STRICT_PROTOTYPES = YES;
				CLANG_WARN_SUSPICIOUS_MOVE = YES;
				CLANG_WARN_UNGUARDED_AVAILABILITY = YES_AGGRESSIVE;
				CLANG_WARN_UNREACHABLE_CODE = YES;
				CLANG_WARN__DUPLICATE_METHOD_MATCH = YES;
				COPY_PHASE_STRIP = NO;
				DEBUG_INFORMATION_FORMAT = dwarf;
				ENABLE_STRICT_OBJC_MSGSEND = YES;
				ENABLE_TESTABILITY = YES;
				GCC_C_LANGUAGE_STANDARD = gnu11;
				GCC_DYNAMIC_NO_PIC = NO;
				GCC_NO_COMMON_BLOCKS = YES;
				GCC_OPTIMIZATION_LEVEL = 0;
				GCC_PREPROCESSOR_DEFINITIONS = (
					"DEBUG=1",
					"$(inherited)",
				);
				GCC_WARN_64_TO_32_BIT_CONVERSION = YES;
				GCC_WARN_ABOUT_RETURN_TYPE = YES_ERROR;
				GCC_WARN_UNDECLARED_SELECTOR = YES;
				GCC_WARN_UNINITIALIZED_AUTOS = YES_AGGRESSIVE;
				GCC_WARN_UNUSED_FUNCTION = YES;
				GCC_WARN_UNUSED_VARIABLE = YES;
				IPHONEOS_DEPLOYMENT_TARGET = 15.2;
				MTL_ENABLE_DEBUG_INFO = INCLUDE_SOURCE;
				MTL_FAST_MATH = YES;
				ONLY_ACTIVE_ARCH = YES;
				SDKROOT = iphoneos;
				SWIFT_ACTIVE_COMPILATION_CONDITIONS = DEBUG;
				SWIFT_OPTIMIZATION_LEVEL = "-Onone";
			};
			name = Debug;
		};
		E64AEBB227A42878000C1884 /* Release */ = {
			isa = XCBuildConfiguration;
			buildSettings = {
				ALWAYS_SEARCH_USER_PATHS = NO;
				CLANG_ANALYZER_NONNULL = YES;
				CLANG_ANALYZER_NUMBER_OBJECT_CONVERSION = YES_AGGRESSIVE;
				CLANG_CXX_LANGUAGE_STANDARD = "gnu++17";
				CLANG_CXX_LIBRARY = "libc++";
				CLANG_ENABLE_MODULES = YES;
				CLANG_ENABLE_OBJC_ARC = YES;
				CLANG_ENABLE_OBJC_WEAK = YES;
				CLANG_WARN_BLOCK_CAPTURE_AUTORELEASING = YES;
				CLANG_WARN_BOOL_CONVERSION = YES;
				CLANG_WARN_COMMA = YES;
				CLANG_WARN_CONSTANT_CONVERSION = YES;
				CLANG_WARN_DEPRECATED_OBJC_IMPLEMENTATIONS = YES;
				CLANG_WARN_DIRECT_OBJC_ISA_USAGE = YES_ERROR;
				CLANG_WARN_DOCUMENTATION_COMMENTS = YES;
				CLANG_WARN_EMPTY_BODY = YES;
				CLANG_WARN_ENUM_CONVERSION = YES;
				CLANG_WARN_INFINITE_RECURSION = YES;
				CLANG_WARN_INT_CONVERSION = YES;
				CLANG_WARN_NON_LITERAL_NULL_CONVERSION = YES;
				CLANG_WARN_OBJC_IMPLICIT_RETAIN_SELF = YES;
				CLANG_WARN_OBJC_LITERAL_CONVERSION = YES;
				CLANG_WARN_OBJC_ROOT_CLASS = YES_ERROR;
				CLANG_WARN_QUOTED_INCLUDE_IN_FRAMEWORK_HEADER = YES;
				CLANG_WARN_RANGE_LOOP_ANALYSIS = YES;
				CLANG_WARN_STRICT_PROTOTYPES = YES;
				CLANG_WARN_SUSPICIOUS_MOVE = YES;
				CLANG_WARN_UNGUARDED_AVAILABILITY = YES_AGGRESSIVE;
				CLANG_WARN_UNREACHABLE_CODE = YES;
				CLANG_WARN__DUPLICATE_METHOD_MATCH = YES;
				COPY_PHASE_STRIP = NO;
				DEBUG_INFORMATION_FORMAT = "dwarf-with-dsym";
				ENABLE_NS_ASSERTIONS = NO;
				ENABLE_STRICT_OBJC_MSGSEND = YES;
				GCC_C_LANGUAGE_STANDARD = gnu11;
				GCC_NO_COMMON_BLOCKS = YES;
				GCC_WARN_64_TO_32_BIT_CONVERSION = YES;
				GCC_WARN_ABOUT_RETURN_TYPE = YES_ERROR;
				GCC_WARN_UNDECLARED_SELECTOR = YES;
				GCC_WARN_UNINITIALIZED_AUTOS = YES_AGGRESSIVE;
				GCC_WARN_UNUSED_FUNCTION = YES;
				GCC_WARN_UNUSED_VARIABLE = YES;
				IPHONEOS_DEPLOYMENT_TARGET = 15.2;
				MTL_ENABLE_DEBUG_INFO = NO;
				MTL_FAST_MATH = YES;
				SDKROOT = iphoneos;
				SWIFT_COMPILATION_MODE = wholemodule;
				SWIFT_OPTIMIZATION_LEVEL = "-O";
				VALIDATE_PRODUCT = YES;
			};
			name = Release;
		};
		E64AEBB427A42878000C1884 /* Debug */ = {
			isa = XCBuildConfiguration;
			buildSettings = {
				ASSETCATALOG_COMPILER_APPICON_NAME = AppIcon;
				ASSETCATALOG_COMPILER_GLOBAL_ACCENT_COLOR_NAME = AccentColor;
				CODE_SIGN_STYLE = Automatic;
				CURRENT_PROJECT_VERSION = 1;
				GENERATE_INFOPLIST_FILE = YES;
				INFOPLIST_FILE = DigibankLight/Info.plist;
				INFOPLIST_KEY_UIApplicationSupportsIndirectInputEvents = YES;
				INFOPLIST_KEY_UILaunchStoryboardName = LaunchScreen;
				INFOPLIST_KEY_UISupportedInterfaceOrientations = UIInterfaceOrientationPortrait;
				INFOPLIST_KEY_UISupportedInterfaceOrientations_iPad = "UIInterfaceOrientationPortrait UIInterfaceOrientationPortraitUpsideDown UIInterfaceOrientationLandscapeLeft UIInterfaceOrientationLandscapeRight";
				INFOPLIST_KEY_UISupportedInterfaceOrientations_iPhone = "UIInterfaceOrientationPortrait UIInterfaceOrientationLandscapeLeft UIInterfaceOrientationLandscapeRight";
				LD_RUNPATH_SEARCH_PATHS = (
					"$(inherited)",
					"@executable_path/Frameworks",
				);
				MARKETING_VERSION = 1.0;
				PRODUCT_BUNDLE_IDENTIFIER = com.ocbc.DigibankLight;
				PRODUCT_NAME = "$(TARGET_NAME)";
				SWIFT_EMIT_LOC_STRINGS = YES;
				SWIFT_VERSION = 5.0;
				TARGETED_DEVICE_FAMILY = 1;
			};
			name = Debug;
		};
		E64AEBB527A42878000C1884 /* Release */ = {
			isa = XCBuildConfiguration;
			buildSettings = {
				ASSETCATALOG_COMPILER_APPICON_NAME = AppIcon;
				ASSETCATALOG_COMPILER_GLOBAL_ACCENT_COLOR_NAME = AccentColor;
				CODE_SIGN_STYLE = Automatic;
				CURRENT_PROJECT_VERSION = 1;
				GENERATE_INFOPLIST_FILE = YES;
				INFOPLIST_FILE = DigibankLight/Info.plist;
				INFOPLIST_KEY_UIApplicationSupportsIndirectInputEvents = YES;
				INFOPLIST_KEY_UILaunchStoryboardName = LaunchScreen;
				INFOPLIST_KEY_UISupportedInterfaceOrientations = UIInterfaceOrientationPortrait;
				INFOPLIST_KEY_UISupportedInterfaceOrientations_iPad = "UIInterfaceOrientationPortrait UIInterfaceOrientationPortraitUpsideDown UIInterfaceOrientationLandscapeLeft UIInterfaceOrientationLandscapeRight";
				INFOPLIST_KEY_UISupportedInterfaceOrientations_iPhone = "UIInterfaceOrientationPortrait UIInterfaceOrientationLandscapeLeft UIInterfaceOrientationLandscapeRight";
				LD_RUNPATH_SEARCH_PATHS = (
					"$(inherited)",
					"@executable_path/Frameworks",
				);
				MARKETING_VERSION = 1.0;
				PRODUCT_BUNDLE_IDENTIFIER = com.ocbc.DigibankLight;
				PRODUCT_NAME = "$(TARGET_NAME)";
				SWIFT_EMIT_LOC_STRINGS = YES;
				SWIFT_VERSION = 5.0;
				TARGETED_DEVICE_FAMILY = 1;
			};
			name = Release;
		};
		E64AEBB727A42878000C1884 /* Debug */ = {
			isa = XCBuildConfiguration;
			buildSettings = {
				ALWAYS_EMBED_SWIFT_STANDARD_LIBRARIES = YES;
				BUNDLE_LOADER = "$(TEST_HOST)";
				CODE_SIGN_STYLE = Automatic;
				CURRENT_PROJECT_VERSION = 1;
				GENERATE_INFOPLIST_FILE = YES;
				IPHONEOS_DEPLOYMENT_TARGET = 15.2;
				MARKETING_VERSION = 1.0;
				PRODUCT_BUNDLE_IDENTIFIER = com.ocbc.DigibankLightTests;
				PRODUCT_NAME = "$(TARGET_NAME)";
				SWIFT_EMIT_LOC_STRINGS = NO;
				SWIFT_VERSION = 5.0;
				TARGETED_DEVICE_FAMILY = "1,2";
				TEST_HOST = "$(BUILT_PRODUCTS_DIR)/DigibankLight.app/DigibankLight";
			};
			name = Debug;
		};
		E64AEBB827A42878000C1884 /* Release */ = {
			isa = XCBuildConfiguration;
			buildSettings = {
				ALWAYS_EMBED_SWIFT_STANDARD_LIBRARIES = YES;
				BUNDLE_LOADER = "$(TEST_HOST)";
				CODE_SIGN_STYLE = Automatic;
				CURRENT_PROJECT_VERSION = 1;
				GENERATE_INFOPLIST_FILE = YES;
				IPHONEOS_DEPLOYMENT_TARGET = 15.2;
				MARKETING_VERSION = 1.0;
				PRODUCT_BUNDLE_IDENTIFIER = com.ocbc.DigibankLightTests;
				PRODUCT_NAME = "$(TARGET_NAME)";
				SWIFT_EMIT_LOC_STRINGS = NO;
				SWIFT_VERSION = 5.0;
				TARGETED_DEVICE_FAMILY = "1,2";
				TEST_HOST = "$(BUILT_PRODUCTS_DIR)/DigibankLight.app/DigibankLight";
			};
			name = Release;
		};
		E64AEBBA27A42878000C1884 /* Debug */ = {
			isa = XCBuildConfiguration;
			buildSettings = {
				ALWAYS_EMBED_SWIFT_STANDARD_LIBRARIES = YES;
				CODE_SIGN_STYLE = Automatic;
				CURRENT_PROJECT_VERSION = 1;
				GENERATE_INFOPLIST_FILE = YES;
				MARKETING_VERSION = 1.0;
				PRODUCT_BUNDLE_IDENTIFIER = com.ocbc.DigibankLightUITests;
				PRODUCT_NAME = "$(TARGET_NAME)";
				SWIFT_EMIT_LOC_STRINGS = NO;
				SWIFT_VERSION = 5.0;
				TARGETED_DEVICE_FAMILY = "1,2";
				TEST_TARGET_NAME = DigibankLight;
			};
			name = Debug;
		};
		E64AEBBB27A42878000C1884 /* Release */ = {
			isa = XCBuildConfiguration;
			buildSettings = {
				ALWAYS_EMBED_SWIFT_STANDARD_LIBRARIES = YES;
				CODE_SIGN_STYLE = Automatic;
				CURRENT_PROJECT_VERSION = 1;
				GENERATE_INFOPLIST_FILE = YES;
				MARKETING_VERSION = 1.0;
				PRODUCT_BUNDLE_IDENTIFIER = com.ocbc.DigibankLightUITests;
				PRODUCT_NAME = "$(TARGET_NAME)";
				SWIFT_EMIT_LOC_STRINGS = NO;
				SWIFT_VERSION = 5.0;
				TARGETED_DEVICE_FAMILY = "1,2";
				TEST_TARGET_NAME = DigibankLight;
			};
			name = Release;
		};
/* End XCBuildConfiguration section */

/* Begin XCConfigurationList section */
		E64AEB8427A42876000C1884 /* Build configuration list for PBXProject "DigibankLight" */ = {
			isa = XCConfigurationList;
			buildConfigurations = (
				E64AEBB127A42878000C1884 /* Debug */,
				E64AEBB227A42878000C1884 /* Release */,
			);
			defaultConfigurationIsVisible = 0;
			defaultConfigurationName = Release;
		};
		E64AEBB327A42878000C1884 /* Build configuration list for PBXNativeTarget "DigibankLight" */ = {
			isa = XCConfigurationList;
			buildConfigurations = (
				E64AEBB427A42878000C1884 /* Debug */,
				E64AEBB527A42878000C1884 /* Release */,
			);
			defaultConfigurationIsVisible = 0;
			defaultConfigurationName = Release;
		};
		E64AEBB627A42878000C1884 /* Build configuration list for PBXNativeTarget "DigibankLightTests" */ = {
			isa = XCConfigurationList;
			buildConfigurations = (
				E64AEBB727A42878000C1884 /* Debug */,
				E64AEBB827A42878000C1884 /* Release */,
			);
			defaultConfigurationIsVisible = 0;
			defaultConfigurationName = Release;
		};
		E64AEBB927A42878000C1884 /* Build configuration list for PBXNativeTarget "DigibankLightUITests" */ = {
			isa = XCConfigurationList;
			buildConfigurations = (
				E64AEBBA27A42878000C1884 /* Debug */,
				E64AEBBB27A42878000C1884 /* Release */,
			);
			defaultConfigurationIsVisible = 0;
			defaultConfigurationName = Release;
		};
/* End XCConfigurationList section */
	};
	rootObject = E64AEB8127A42876000C1884 /* Project object */;
}
